
Microsoft Visual Studio Solution File, Format Version 12.00
# Visual Studio Version 17
VisualStudioVersion = 17.4.33205.214
MinimumVisualStudioVersion = 10.0.40219.1
Project("{FAE04EC0-301F-11D3-BF4B-00C04F79EFBC}") = "CSharpBasicsConsole", "CSharpBasicsConsole\CSharpBasicsConsole.csproj", "{5CDA57E4-BEDB-44E7-BAF6-9FB79CBD797D}"
EndProject
Global
	GlobalSection(SolutionConfigurationPlatforms) = preSolution
		Debug|Any CPU = Debug|Any CPU
		Release|Any CPU = Release|Any CPU
	EndGlobalSection
	GlobalSection(ProjectConfigurationPlatforms) = postSolution
		{5CDA57E4-BEDB-44E7-BAF6-9FB79CBD797D}.Debug|Any CPU.ActiveCfg = Debug|Any CPU
		{5CDA57E4-BEDB-44E7-BAF6-9FB79CBD797D}.Debug|Any CPU.Build.0 = Debug|Any CPU
		{5CDA57E4-BEDB-44E7-BAF6-9FB79CBD797D}.Release|Any CPU.ActiveCfg = Release|Any CPU
		{5CDA57E4-BEDB-44E7-BAF6-9FB79CBD797D}.Release|Any CPU.Build.0 = Release|Any CPU
	EndGlobalSection
	GlobalSection(SolutionProperties) = preSolution
		HideSolutionNode = FALSE
	EndGlobalSection
	GlobalSection(ExtensibilityGlobals) = postSolution
		SolutionGuid = {97C0879E-8CED-4DA8-BA5A-F58CA6373CD4}
	EndGlobalSection
EndGlobal
